
Microsoft Visual Studio Solution File, Format Version 12.00
# Visual Studio Version 17
VisualStudioVersion = 17.3.32825.248
MinimumVisualStudioVersion = 10.0.40219.1
Project("{9A19103F-16F7-4668-BE54-9A1E7A4F7556}") = "BackEnd", "BackEnd.csproj", "{43F42097-92CF-42E2-91E3-B73A505B5097}"
EndProject
Project("{FAE04EC0-301F-11D3-BF4B-00C04F79EFBC}") = "BackEnd.xUnitTest", "..\BackEnd.xUnitTest\BackEnd.xUnitTest.csproj", "{F710F9EB-7C8D-498D-B4CF-AB54707C0CEC}"
EndProject
Global
	GlobalSection(SolutionConfigurationPlatforms) = preSolution
		Debug|Any CPU = Debug|Any CPU
		Release|Any CPU = Release|Any CPU
	EndGlobalSection
	GlobalSection(ProjectConfigurationPlatforms) = postSolution
		{43F42097-92CF-42E2-91E3-B73A505B5097}.Debug|Any CPU.ActiveCfg = Debug|Any CPU
		{43F42097-92CF-42E2-91E3-B73A505B5097}.Debug|Any CPU.Build.0 = Debug|Any CPU
		{43F42097-92CF-42E2-91E3-B73A505B5097}.Release|Any CPU.ActiveCfg = Release|Any CPU
		{43F42097-92CF-42E2-91E3-B73A505B5097}.Release|Any CPU.Build.0 = Release|Any CPU
		{F710F9EB-7C8D-498D-B4CF-AB54707C0CEC}.Debug|Any CPU.ActiveCfg = Debug|Any CPU
		{F710F9EB-7C8D-498D-B4CF-AB54707C0CEC}.Debug|Any CPU.Build.0 = Debug|Any CPU
		{F710F9EB-7C8D-498D-B4CF-AB54707C0CEC}.Release|Any CPU.ActiveCfg = Release|Any CPU
		{F710F9EB-7C8D-498D-B4CF-AB54707C0CEC}.Release|Any CPU.Build.0 = Release|Any CPU
	EndGlobalSection
	GlobalSection(SolutionProperties) = preSolution
		HideSolutionNode = FALSE
	EndGlobalSection
	GlobalSection(ExtensibilityGlobals) = postSolution
		SolutionGuid = {B5BCF92E-6C0D-4CBB-8ED1-B74E884D0454}
	EndGlobalSection
EndGlobal
